// !$*UTF8*$!
{
	archiveVersion = 1;
	classes = {
	};
	objectVersion = 50;
	objects = {

/* Begin PBXBuildFile section */
		770A31EB25A0A87F00030365 /* libsqlite3.tbd in Frameworks */ = {isa = PBXBuildFile; fileRef = 770A31E925A0A85900030365 /* libsqlite3.tbd */; };
		770A31EF25A0A8B400030365 /* DBHelper.swift in Sources */ = {isa = PBXBuildFile; fileRef = 770A31EE25A0A8B400030365 /* DBHelper.swift */; };
		7725C34725A0A2A00074FEC9 /* CartTableViewDataSource.swift in Sources */ = {isa = PBXBuildFile; fileRef = 7725C34625A0A2A00074FEC9 /* CartTableViewDataSource.swift */; };
		7725C34B25A0A2A90074FEC9 /* CartTableViewDelegate.swift in Sources */ = {isa = PBXBuildFile; fileRef = 7725C34A25A0A2A90074FEC9 /* CartTableViewDelegate.swift */; };
		7725C34F25A0A2C10074FEC9 /* CartPresenter.swift in Sources */ = {isa = PBXBuildFile; fileRef = 7725C34E25A0A2C10074FEC9 /* CartPresenter.swift */; };
		7725C35425A0A36E0074FEC9 /* CartModel.swift in Sources */ = {isa = PBXBuildFile; fileRef = 7725C35325A0A36E0074FEC9 /* CartModel.swift */; };
		7725C35825A0A58B0074FEC9 /* Int+Extension.swift in Sources */ = {isa = PBXBuildFile; fileRef = 7725C35725A0A58B0074FEC9 /* Int+Extension.swift */; };
		77756BBE25A0B023002E4FF9 /* CartRouter.swift in Sources */ = {isa = PBXBuildFile; fileRef = 77756BBD25A0B023002E4FF9 /* CartRouter.swift */; };
		77756BC525A0B370002E4FF9 /* CameraPermission.swift in Sources */ = {isa = PBXBuildFile; fileRef = 77756BC425A0B370002E4FF9 /* CameraPermission.swift */; };
		77820A6E25A098C30094AB2F /* AppDelegate.swift in Sources */ = {isa = PBXBuildFile; fileRef = 77820A6D25A098C30094AB2F /* AppDelegate.swift */; };
		77820A7025A098C30094AB2F /* SceneDelegate.swift in Sources */ = {isa = PBXBuildFile; fileRef = 77820A6F25A098C30094AB2F /* SceneDelegate.swift */; };
		77820A7225A098C30094AB2F /* ViewController.swift in Sources */ = {isa = PBXBuildFile; fileRef = 77820A7125A098C30094AB2F /* ViewController.swift */; };
		77820A7525A098C30094AB2F /* Main.storyboard in Resources */ = {isa = PBXBuildFile; fileRef = 77820A7325A098C30094AB2F /* Main.storyboard */; };
		77820A7725A098C70094AB2F /* Assets.xcassets in Resources */ = {isa = PBXBuildFile; fileRef = 77820A7625A098C70094AB2F /* Assets.xcassets */; };
		77820A7A25A098C70094AB2F /* LaunchScreen.storyboard in Resources */ = {isa = PBXBuildFile; fileRef = 77820A7825A098C70094AB2F /* LaunchScreen.storyboard */; };
		77820A8B25A09A1E0094AB2F /* ParentViewController.swift in Sources */ = {isa = PBXBuildFile; fileRef = 77820A8A25A09A1E0094AB2F /* ParentViewController.swift */; };
		77820A9125A09A980094AB2F /* ColorUtilsProtocol.swift in Sources */ = {isa = PBXBuildFile; fileRef = 77820A9025A09A980094AB2F /* ColorUtilsProtocol.swift */; };
		77820A9625A09AB00094AB2F /* ColorUtils.swift in Sources */ = {isa = PBXBuildFile; fileRef = 77820A9525A09AB00094AB2F /* ColorUtils.swift */; };
		77820A9A25A09AE20094AB2F /* ColorsEnum.swift in Sources */ = {isa = PBXBuildFile; fileRef = 77820A9925A09AE20094AB2F /* ColorsEnum.swift */; };
		77820AA025A09B140094AB2F /* UIColor+Extension.swift in Sources */ = {isa = PBXBuildFile; fileRef = 77820A9F25A09B140094AB2F /* UIColor+Extension.swift */; };
		77820AAD25A09BDD0094AB2F /* AllViewControllerEnum.swift in Sources */ = {isa = PBXBuildFile; fileRef = 77820AAC25A09BDD0094AB2F /* AllViewControllerEnum.swift */; };
		77820AB025A09CDC0094AB2F /* ScannerViewController.swift in Sources */ = {isa = PBXBuildFile; fileRef = 77820AAF25A09CDC0094AB2F /* ScannerViewController.swift */; };
		77820AB325A09CE90094AB2F /* InvoiceViewController.swift in Sources */ = {isa = PBXBuildFile; fileRef = 77820AB225A09CE90094AB2F /* InvoiceViewController.swift */; };
		77820ABD25A09E7E0094AB2F /* CartTableViewCell.swift in Sources */ = {isa = PBXBuildFile; fileRef = 77820ABB25A09E7E0094AB2F /* CartTableViewCell.swift */; };
		77820ABE25A09E7E0094AB2F /* CartTableViewCell.xib in Resources */ = {isa = PBXBuildFile; fileRef = 77820ABC25A09E7E0094AB2F /* CartTableViewCell.xib */; };
		77820AC125A0A0D00094AB2F /* ReusableView.swift in Sources */ = {isa = PBXBuildFile; fileRef = 77820AC025A0A0D00094AB2F /* ReusableView.swift */; };
/* End PBXBuildFile section */

/* Begin PBXFileReference section */
		770A31E925A0A85900030365 /* libsqlite3.tbd */ = {isa = PBXFileReference; lastKnownFileType = "sourcecode.text-based-dylib-definition"; name = libsqlite3.tbd; path = usr/lib/libsqlite3.tbd; sourceTree = SDKROOT; };
		770A31EE25A0A8B400030365 /* DBHelper.swift */ = {isa = PBXFileReference; lastKnownFileType = sourcecode.swift; path = DBHelper.swift; sourceTree = "<group>"; };
		7725C34625A0A2A00074FEC9 /* CartTableViewDataSource.swift */ = {isa = PBXFileReference; lastKnownFileType = sourcecode.swift; path = CartTableViewDataSource.swift; sourceTree = "<group>"; };
		7725C34A25A0A2A90074FEC9 /* CartTableViewDelegate.swift */ = {isa = PBXFileReference; lastKnownFileType = sourcecode.swift; path = CartTableViewDelegate.swift; sourceTree = "<group>"; };
		7725C34E25A0A2C10074FEC9 /* CartPresenter.swift */ = {isa = PBXFileReference; lastKnownFileType = sourcecode.swift; path = CartPresenter.swift; sourceTree = "<group>"; };
		7725C35325A0A36E0074FEC9 /* CartModel.swift */ = {isa = PBXFileReference; lastKnownFileType = sourcecode.swift; path = CartModel.swift; sourceTree = "<group>"; };
		7725C35725A0A58B0074FEC9 /* Int+Extension.swift */ = {isa = PBXFileReference; lastKnownFileType = sourcecode.swift; path = "Int+Extension.swift"; sourceTree = "<group>"; };
		77756BBD25A0B023002E4FF9 /* CartRouter.swift */ = {isa = PBXFileReference; lastKnownFileType = sourcecode.swift; path = CartRouter.swift; sourceTree = "<group>"; };
		77756BC425A0B370002E4FF9 /* CameraPermission.swift */ = {isa = PBXFileReference; lastKnownFileType = sourcecode.swift; path = CameraPermission.swift; sourceTree = "<group>"; };
		77820A6A25A098C30094AB2F /* MishiPay.app */ = {isa = PBXFileReference; explicitFileType = wrapper.application; includeInIndex = 0; path = MishiPay.app; sourceTree = BUILT_PRODUCTS_DIR; };
		77820A6D25A098C30094AB2F /* AppDelegate.swift */ = {isa = PBXFileReference; lastKnownFileType = sourcecode.swift; path = AppDelegate.swift; sourceTree = "<group>"; };
		77820A6F25A098C30094AB2F /* SceneDelegate.swift */ = {isa = PBXFileReference; lastKnownFileType = sourcecode.swift; path = SceneDelegate.swift; sourceTree = "<group>"; };
		77820A7125A098C30094AB2F /* ViewController.swift */ = {isa = PBXFileReference; lastKnownFileType = sourcecode.swift; path = ViewController.swift; sourceTree = "<group>"; };
		77820A7425A098C30094AB2F /* Base */ = {isa = PBXFileReference; lastKnownFileType = file.storyboard; name = Base; path = Base.lproj/Main.storyboard; sourceTree = "<group>"; };
		77820A7625A098C70094AB2F /* Assets.xcassets */ = {isa = PBXFileReference; lastKnownFileType = folder.assetcatalog; path = Assets.xcassets; sourceTree = "<group>"; };
		77820A7925A098C70094AB2F /* Base */ = {isa = PBXFileReference; lastKnownFileType = file.storyboard; name = Base; path = Base.lproj/LaunchScreen.storyboard; sourceTree = "<group>"; };
		77820A7B25A098C70094AB2F /* Info.plist */ = {isa = PBXFileReference; lastKnownFileType = text.plist.xml; path = Info.plist; sourceTree = "<group>"; };
		77820A8A25A09A1E0094AB2F /* ParentViewController.swift */ = {isa = PBXFileReference; lastKnownFileType = sourcecode.swift; path = ParentViewController.swift; sourceTree = "<group>"; };
		77820A9025A09A980094AB2F /* ColorUtilsProtocol.swift */ = {isa = PBXFileReference; lastKnownFileType = sourcecode.swift; path = ColorUtilsProtocol.swift; sourceTree = "<group>"; };
		77820A9525A09AB00094AB2F /* ColorUtils.swift */ = {isa = PBXFileReference; lastKnownFileType = sourcecode.swift; path = ColorUtils.swift; sourceTree = "<group>"; };
		77820A9925A09AE20094AB2F /* ColorsEnum.swift */ = {isa = PBXFileReference; lastKnownFileType = sourcecode.swift; path = ColorsEnum.swift; sourceTree = "<group>"; };
		77820A9F25A09B140094AB2F /* UIColor+Extension.swift */ = {isa = PBXFileReference; lastKnownFileType = sourcecode.swift; path = "UIColor+Extension.swift"; sourceTree = "<group>"; };
		77820AAC25A09BDD0094AB2F /* AllViewControllerEnum.swift */ = {isa = PBXFileReference; lastKnownFileType = sourcecode.swift; path = AllViewControllerEnum.swift; sourceTree = "<group>"; };
		77820AAF25A09CDC0094AB2F /* ScannerViewController.swift */ = {isa = PBXFileReference; lastKnownFileType = sourcecode.swift; path = ScannerViewController.swift; sourceTree = "<group>"; };
		77820AB225A09CE90094AB2F /* InvoiceViewController.swift */ = {isa = PBXFileReference; lastKnownFileType = sourcecode.swift; path = InvoiceViewController.swift; sourceTree = "<group>"; };
		77820ABB25A09E7E0094AB2F /* CartTableViewCell.swift */ = {isa = PBXFileReference; lastKnownFileType = sourcecode.swift; path = CartTableViewCell.swift; sourceTree = "<group>"; };
		77820ABC25A09E7E0094AB2F /* CartTableViewCell.xib */ = {isa = PBXFileReference; lastKnownFileType = file.xib; path = CartTableViewCell.xib; sourceTree = "<group>"; };
		77820AC025A0A0D00094AB2F /* ReusableView.swift */ = {isa = PBXFileReference; lastKnownFileType = sourcecode.swift; path = ReusableView.swift; sourceTree = "<group>"; };
/* End PBXFileReference section */

/* Begin PBXFrameworksBuildPhase section */
		77820A6725A098C30094AB2F /* Frameworks */ = {
			isa = PBXFrameworksBuildPhase;
			buildActionMask = 2147483647;
			files = (
				770A31EB25A0A87F00030365 /* libsqlite3.tbd in Frameworks */,
			);
			runOnlyForDeploymentPostprocessing = 0;
		};
/* End PBXFrameworksBuildPhase section */

/* Begin PBXGroup section */
		770A31E825A0A85900030365 /* Frameworks */ = {
			isa = PBXGroup;
			children = (
				770A31E925A0A85900030365 /* libsqlite3.tbd */,
			);
			name = Frameworks;
			sourceTree = "<group>";
		};
		770A31ED25A0A8A400030365 /* DBHelper */ = {
			isa = PBXGroup;
			children = (
				770A31EE25A0A8B400030365 /* DBHelper.swift */,
			);
			path = DBHelper;
			sourceTree = "<group>";
		};
		7725C34525A0A28D0074FEC9 /* DataSource */ = {
			isa = PBXGroup;
			children = (
				7725C34625A0A2A00074FEC9 /* CartTableViewDataSource.swift */,
				7725C34A25A0A2A90074FEC9 /* CartTableViewDelegate.swift */,
			);
			path = DataSource;
			sourceTree = "<group>";
		};
		7725C34D25A0A2AD0074FEC9 /* Presenter */ = {
			isa = PBXGroup;
			children = (
				7725C34525A0A28D0074FEC9 /* DataSource */,
				7725C34E25A0A2C10074FEC9 /* CartPresenter.swift */,
			);
			path = Presenter;
			sourceTree = "<group>";
		};
		7725C35225A0A3660074FEC9 /* Model */ = {
			isa = PBXGroup;
			children = (
				7725C35325A0A36E0074FEC9 /* CartModel.swift */,
			);
			path = Model;
			sourceTree = "<group>";
		};
		7725C35A25A0A6C60074FEC9 /* View */ = {
			isa = PBXGroup;
			children = (
				77820AB525A09D340094AB2F /* Cell */,
				77820A8725A099FC0094AB2F /* Controller */,
			);
			path = View;
			sourceTree = "<group>";
		};
		77756BBC25A0B018002E4FF9 /* Router */ = {
			isa = PBXGroup;
			children = (
				77756BBD25A0B023002E4FF9 /* CartRouter.swift */,
			);
			path = Router;
			sourceTree = "<group>";
		};
		77756BC225A0B331002E4FF9 /* View */ = {
			isa = PBXGroup;
			children = (
				77756BC325A0B344002E4FF9 /* Camera */,
				77820AAF25A09CDC0094AB2F /* ScannerViewController.swift */,
			);
			path = View;
			sourceTree = "<group>";
		};
		77756BC325A0B344002E4FF9 /* Camera */ = {
			isa = PBXGroup;
			children = (
				77756BC425A0B370002E4FF9 /* CameraPermission.swift */,
			);
			path = Camera;
			sourceTree = "<group>";
		};
		77820A6125A098C30094AB2F = {
			isa = PBXGroup;
			children = (
				77820A6C25A098C30094AB2F /* MishiPay */,
				77820A6B25A098C30094AB2F /* Products */,
				770A31E825A0A85900030365 /* Frameworks */,
			);
			sourceTree = "<group>";
		};
		77820A6B25A098C30094AB2F /* Products */ = {
			isa = PBXGroup;
			children = (
				77820A6A25A098C30094AB2F /* MishiPay.app */,
			);
			name = Products;
			sourceTree = "<group>";
		};
		77820A6C25A098C30094AB2F /* MishiPay */ = {
			isa = PBXGroup;
			children = (
				77820A9825A09ACD0094AB2F /* Reources */,
				77820A8D25A09A730094AB2F /* Helper */,
				77820A8225A099C20094AB2F /* Scene */,
				77820A6D25A098C30094AB2F /* AppDelegate.swift */,
				77820A6F25A098C30094AB2F /* SceneDelegate.swift */,
				77820A7625A098C70094AB2F /* Assets.xcassets */,
				77820A7825A098C70094AB2F /* LaunchScreen.storyboard */,
				77820A7B25A098C70094AB2F /* Info.plist */,
			);
			path = MishiPay;
			sourceTree = "<group>";
		};
		77820A8225A099C20094AB2F /* Scene */ = {
			isa = PBXGroup;
			children = (
				77820A8925A09A120094AB2F /* Parent */,
				77820A8525A099EB0094AB2F /* Invoice */,
				77820A8425A099DF0094AB2F /* Scanner */,
				77820A8325A099DB0094AB2F /* Cart */,
				77820A7325A098C30094AB2F /* Main.storyboard */,
			);
			path = Scene;
			sourceTree = "<group>";
		};
		77820A8325A099DB0094AB2F /* Cart */ = {
			isa = PBXGroup;
			children = (
				77756BBC25A0B018002E4FF9 /* Router */,
				7725C35A25A0A6C60074FEC9 /* View */,
				7725C35225A0A3660074FEC9 /* Model */,
				7725C34D25A0A2AD0074FEC9 /* Presenter */,
			);
			path = Cart;
			sourceTree = "<group>";
		};
		77820A8425A099DF0094AB2F /* Scanner */ = {
			isa = PBXGroup;
			children = (
				77756BC225A0B331002E4FF9 /* View */,
			);
			path = Scanner;
			sourceTree = "<group>";
		};
		77820A8525A099EB0094AB2F /* Invoice */ = {
			isa = PBXGroup;
			children = (
				77820AB225A09CE90094AB2F /* InvoiceViewController.swift */,
			);
			path = Invoice;
			sourceTree = "<group>";
		};
		77820A8725A099FC0094AB2F /* Controller */ = {
			isa = PBXGroup;
			children = (
				77820A7125A098C30094AB2F /* ViewController.swift */,
			);
			path = Controller;
			sourceTree = "<group>";
		};
		77820A8925A09A120094AB2F /* Parent */ = {
			isa = PBXGroup;
			children = (
				77820A8A25A09A1E0094AB2F /* ParentViewController.swift */,
			);
			path = Parent;
			sourceTree = "<group>";
		};
		77820A8D25A09A730094AB2F /* Helper */ = {
			isa = PBXGroup;
			children = (
				770A31ED25A0A8A400030365 /* DBHelper */,
				77820A8E25A09A7B0094AB2F /* ColorHelper */,
				77820AC025A0A0D00094AB2F /* ReusableView.swift */,
			);
			path = Helper;
			sourceTree = "<group>";
		};
		77820A8E25A09A7B0094AB2F /* ColorHelper */ = {
			isa = PBXGroup;
			children = (
				77820A9025A09A980094AB2F /* ColorUtilsProtocol.swift */,
				77820A9525A09AB00094AB2F /* ColorUtils.swift */,
			);
			path = ColorHelper;
			sourceTree = "<group>";
		};
		77820A9825A09ACD0094AB2F /* Reources */ = {
			isa = PBXGroup;
			children = (
				77820A9D25A09AFC0094AB2F /* Extension */,
				77820A9E25A09B030094AB2F /* Enum */,
			);
			path = Reources;
			sourceTree = "<group>";
		};
		77820A9D25A09AFC0094AB2F /* Extension */ = {
			isa = PBXGroup;
			children = (
				77820A9F25A09B140094AB2F /* UIColor+Extension.swift */,
				7725C35725A0A58B0074FEC9 /* Int+Extension.swift */,
			);
			path = Extension;
			sourceTree = "<group>";
		};
		77820A9E25A09B030094AB2F /* Enum */ = {
			isa = PBXGroup;
			children = (
				77820A9925A09AE20094AB2F /* ColorsEnum.swift */,
				77820AAC25A09BDD0094AB2F /* AllViewControllerEnum.swift */,
			);
			path = Enum;
			sourceTree = "<group>";
		};
		77820AB525A09D340094AB2F /* Cell */ = {
			isa = PBXGroup;
			children = (
				77820ABB25A09E7E0094AB2F /* CartTableViewCell.swift */,
				77820ABC25A09E7E0094AB2F /* CartTableViewCell.xib */,
			);
			path = Cell;
			sourceTree = "<group>";
		};
/* End PBXGroup section */

/* Begin PBXNativeTarget section */
		77820A6925A098C30094AB2F /* MishiPay */ = {
			isa = PBXNativeTarget;
			buildConfigurationList = 77820A7E25A098C70094AB2F /* Build configuration list for PBXNativeTarget "MishiPay" */;
			buildPhases = (
				77820A6625A098C30094AB2F /* Sources */,
				77820A6725A098C30094AB2F /* Frameworks */,
				77820A6825A098C30094AB2F /* Resources */,
			);
			buildRules = (
			);
			dependencies = (
			);
			name = MishiPay;
			productName = MishiPay;
			productReference = 77820A6A25A098C30094AB2F /* MishiPay.app */;
			productType = "com.apple.product-type.application";
		};
/* End PBXNativeTarget section */

/* Begin PBXProject section */
		77820A6225A098C30094AB2F /* Project object */ = {
			isa = PBXProject;
			attributes = {
				LastSwiftUpdateCheck = 1220;
				LastUpgradeCheck = 1220;
				TargetAttributes = {
					77820A6925A098C30094AB2F = {
						CreatedOnToolsVersion = 12.2;
					};
				};
			};
			buildConfigurationList = 77820A6525A098C30094AB2F /* Build configuration list for PBXProject "MishiPay" */;
			compatibilityVersion = "Xcode 9.3";
			developmentRegion = en;
			hasScannedForEncodings = 0;
			knownRegions = (
				en,
				Base,
			);
			mainGroup = 77820A6125A098C30094AB2F;
			productRefGroup = 77820A6B25A098C30094AB2F /* Products */;
			projectDirPath = "";
			projectRoot = "";
			targets = (
				77820A6925A098C30094AB2F /* MishiPay */,
			);
		};
/* End PBXProject section */

/* Begin PBXResourcesBuildPhase section */
		77820A6825A098C30094AB2F /* Resources */ = {
			isa = PBXResourcesBuildPhase;
			buildActionMask = 2147483647;
			files = (
				77820A7A25A098C70094AB2F /* LaunchScreen.storyboard in Resources */,
				77820A7725A098C70094AB2F /* Assets.xcassets in Resources */,
				77820A7525A098C30094AB2F /* Main.storyboard in Resources */,
				77820ABE25A09E7E0094AB2F /* CartTableViewCell.xib in Resources */,
			);
			runOnlyForDeploymentPostprocessing = 0;
		};
/* End PBXResourcesBuildPhase section */

/* Begin PBXSourcesBuildPhase section */
		77820A6625A098C30094AB2F /* Sources */ = {
			isa = PBXSourcesBuildPhase;
			buildActionMask = 2147483647;
			files = (
				77756BBE25A0B023002E4FF9 /* CartRouter.swift in Sources */,
				7725C34725A0A2A00074FEC9 /* CartTableViewDataSource.swift in Sources */,
				77820A9125A09A980094AB2F /* ColorUtilsProtocol.swift in Sources */,
				7725C34F25A0A2C10074FEC9 /* CartPresenter.swift in Sources */,
				7725C34B25A0A2A90074FEC9 /* CartTableViewDelegate.swift in Sources */,
				77820A9A25A09AE20094AB2F /* ColorsEnum.swift in Sources */,
				77820AB325A09CE90094AB2F /* InvoiceViewController.swift in Sources */,
				77820A7225A098C30094AB2F /* ViewController.swift in Sources */,
				7725C35825A0A58B0074FEC9 /* Int+Extension.swift in Sources */,
				77820A6E25A098C30094AB2F /* AppDelegate.swift in Sources */,
				77756BC525A0B370002E4FF9 /* CameraPermission.swift in Sources */,
				770A31EF25A0A8B400030365 /* DBHelper.swift in Sources */,
				7725C35425A0A36E0074FEC9 /* CartModel.swift in Sources */,
				77820AC125A0A0D00094AB2F /* ReusableView.swift in Sources */,
				77820ABD25A09E7E0094AB2F /* CartTableViewCell.swift in Sources */,
				77820A9625A09AB00094AB2F /* ColorUtils.swift in Sources */,
				77820AB025A09CDC0094AB2F /* ScannerViewController.swift in Sources */,
				77820AAD25A09BDD0094AB2F /* AllViewControllerEnum.swift in Sources */,
				77820A8B25A09A1E0094AB2F /* ParentViewController.swift in Sources */,
				77820A7025A098C30094AB2F /* SceneDelegate.swift in Sources */,
				77820AA025A09B140094AB2F /* UIColor+Extension.swift in Sources */,
			);
			runOnlyForDeploymentPostprocessing = 0;
		};
/* End PBXSourcesBuildPhase section */

/* Begin PBXVariantGroup section */
		77820A7325A098C30094AB2F /* Main.storyboard */ = {
			isa = PBXVariantGroup;
			children = (
				77820A7425A098C30094AB2F /* Base */,
			);
			name = Main.storyboard;
			sourceTree = "<group>";
		};
		77820A7825A098C70094AB2F /* LaunchScreen.storyboard */ = {
			isa = PBXVariantGroup;
			children = (
				77820A7925A098C70094AB2F /* Base */,
			);
			name = LaunchScreen.storyboard;
			sourceTree = "<group>";
		};
/* End PBXVariantGroup section */

/* Begin XCBuildConfiguration section */
		77820A7C25A098C70094AB2F /* Debug */ = {
			isa = XCBuildConfiguration;
			buildSettings = {
				ALWAYS_SEARCH_USER_PATHS = NO;
				CLANG_ANALYZER_NONNULL = YES;
				CLANG_ANALYZER_NUMBER_OBJECT_CONVERSION = YES_AGGRESSIVE;
				CLANG_CXX_LANGUAGE_STANDARD = "gnu++14";
				CLANG_CXX_LIBRARY = "libc++";
				CLANG_ENABLE_MODULES = YES;
				CLANG_ENABLE_OBJC_ARC = YES;
				CLANG_ENABLE_OBJC_WEAK = YES;
				CLANG_WARN_BLOCK_CAPTURE_AUTORELEASING = YES;
				CLANG_WARN_BOOL_CONVERSION = YES;
				CLANG_WARN_COMMA = YES;
				CLANG_WARN_CONSTANT_CONVERSION = YES;
				CLANG_WARN_DEPRECATED_OBJC_IMPLEMENTATIONS = YES;
				CLANG_WARN_DIRECT_OBJC_ISA_USAGE = YES_ERROR;
				CLANG_WARN_DOCUMENTATION_COMMENTS = YES;
				CLANG_WARN_EMPTY_BODY = YES;
				CLANG_WARN_ENUM_CONVERSION = YES;
				CLANG_WARN_INFINITE_RECURSION = YES;
				CLANG_WARN_INT_CONVERSION = YES;
				CLANG_WARN_NON_LITERAL_NULL_CONVERSION = YES;
				CLANG_WARN_OBJC_IMPLICIT_RETAIN_SELF = YES;
				CLANG_WARN_OBJC_LITERAL_CONVERSION = YES;
				CLANG_WARN_OBJC_ROOT_CLASS = YES_ERROR;
				CLANG_WARN_QUOTED_INCLUDE_IN_FRAMEWORK_HEADER = YES;
				CLANG_WARN_RANGE_LOOP_ANALYSIS = YES;
				CLANG_WARN_STRICT_PROTOTYPES = YES;
				CLANG_WARN_SUSPICIOUS_MOVE = YES;
				CLANG_WARN_UNGUARDED_AVAILABILITY = YES_AGGRESSIVE;
				CLANG_WARN_UNREACHABLE_CODE = YES;
				CLANG_WARN__DUPLICATE_METHOD_MATCH = YES;
				COPY_PHASE_STRIP = NO;
				DEBUG_INFORMATION_FORMAT = dwarf;
				ENABLE_STRICT_OBJC_MSGSEND = YES;
				ENABLE_TESTABILITY = YES;
				GCC_C_LANGUAGE_STANDARD = gnu11;
				GCC_DYNAMIC_NO_PIC = NO;
				GCC_NO_COMMON_BLOCKS = YES;
				GCC_OPTIMIZATION_LEVEL = 0;
				GCC_PREPROCESSOR_DEFINITIONS = (
					"DEBUG=1",
					"$(inherited)",
				);
				GCC_WARN_64_TO_32_BIT_CONVERSION = YES;
				GCC_WARN_ABOUT_RETURN_TYPE = YES_ERROR;
				GCC_WARN_UNDECLARED_SELECTOR = YES;
				GCC_WARN_UNINITIALIZED_AUTOS = YES_AGGRESSIVE;
				GCC_WARN_UNUSED_FUNCTION = YES;
				GCC_WARN_UNUSED_VARIABLE = YES;
				IPHONEOS_DEPLOYMENT_TARGET = 13.0;
				MTL_ENABLE_DEBUG_INFO = INCLUDE_SOURCE;
				MTL_FAST_MATH = YES;
				ONLY_ACTIVE_ARCH = YES;
				SDKROOT = iphoneos;
				SWIFT_ACTIVE_COMPILATION_CONDITIONS = DEBUG;
				SWIFT_OPTIMIZATION_LEVEL = "-Onone";
			};
			name = Debug;
		};
		77820A7D25A098C70094AB2F /* Release */ = {
			isa = XCBuildConfiguration;
			buildSettings = {
				ALWAYS_SEARCH_USER_PATHS = NO;
				CLANG_ANALYZER_NONNULL = YES;
				CLANG_ANALYZER_NUMBER_OBJECT_CONVERSION = YES_AGGRESSIVE;
				CLANG_CXX_LANGUAGE_STANDARD = "gnu++14";
				CLANG_CXX_LIBRARY = "libc++";
				CLANG_ENABLE_MODULES = YES;
				CLANG_ENABLE_OBJC_ARC = YES;
				CLANG_ENABLE_OBJC_WEAK = YES;
				CLANG_WARN_BLOCK_CAPTURE_AUTORELEASING = YES;
				CLANG_WARN_BOOL_CONVERSION = YES;
				CLANG_WARN_COMMA = YES;
				CLANG_WARN_CONSTANT_CONVERSION = YES;
				CLANG_WARN_DEPRECATED_OBJC_IMPLEMENTATIONS = YES;
				CLANG_WARN_DIRECT_OBJC_ISA_USAGE = YES_ERROR;
				CLANG_WARN_DOCUMENTATION_COMMENTS = YES;
				CLANG_WARN_EMPTY_BODY = YES;
				CLANG_WARN_ENUM_CONVERSION = YES;
				CLANG_WARN_INFINITE_RECURSION = YES;
				CLANG_WARN_INT_CONVERSION = YES;
				CLANG_WARN_NON_LITERAL_NULL_CONVERSION = YES;
				CLANG_WARN_OBJC_IMPLICIT_RETAIN_SELF = YES;
				CLANG_WARN_OBJC_LITERAL_CONVERSION = YES;
				CLANG_WARN_OBJC_ROOT_CLASS = YES_ERROR;
				CLANG_WARN_QUOTED_INCLUDE_IN_FRAMEWORK_HEADER = YES;
				CLANG_WARN_RANGE_LOOP_ANALYSIS = YES;
				CLANG_WARN_STRICT_PROTOTYPES = YES;
				CLANG_WARN_SUSPICIOUS_MOVE = YES;
				CLANG_WARN_UNGUARDED_AVAILABILITY = YES_AGGRESSIVE;
				CLANG_WARN_UNREACHABLE_CODE = YES;
				CLANG_WARN__DUPLICATE_METHOD_MATCH = YES;
				COPY_PHASE_STRIP = NO;
				DEBUG_INFORMATION_FORMAT = "dwarf-with-dsym";
				ENABLE_NS_ASSERTIONS = NO;
				ENABLE_STRICT_OBJC_MSGSEND = YES;
				GCC_C_LANGUAGE_STANDARD = gnu11;
				GCC_NO_COMMON_BLOCKS = YES;
				GCC_WARN_64_TO_32_BIT_CONVERSION = YES;
				GCC_WARN_ABOUT_RETURN_TYPE = YES_ERROR;
				GCC_WARN_UNDECLARED_SELECTOR = YES;
				GCC_WARN_UNINITIALIZED_AUTOS = YES_AGGRESSIVE;
				GCC_WARN_UNUSED_FUNCTION = YES;
				GCC_WARN_UNUSED_VARIABLE = YES;
				IPHONEOS_DEPLOYMENT_TARGET = 13.0;
				MTL_ENABLE_DEBUG_INFO = NO;
				MTL_FAST_MATH = YES;
				SDKROOT = iphoneos;
				SWIFT_COMPILATION_MODE = wholemodule;
				SWIFT_OPTIMIZATION_LEVEL = "-O";
				VALIDATE_PRODUCT = YES;
			};
			name = Release;
		};
		77820A7F25A098C70094AB2F /* Debug */ = {
			isa = XCBuildConfiguration;
			buildSettings = {
				ASSETCATALOG_COMPILER_APPICON_NAME = AppIcon;
				ASSETCATALOG_COMPILER_GLOBAL_ACCENT_COLOR_NAME = AccentColor;
				CODE_SIGN_STYLE = Automatic;
				DEVELOPMENT_TEAM = AFBHHNX58G;
				INFOPLIST_FILE = MishiPay/Info.plist;
				LD_RUNPATH_SEARCH_PATHS = (
					"$(inherited)",
					"@executable_path/Frameworks",
				);
				PRODUCT_BUNDLE_IDENTIFIER = com.mayur.MishiPay;
				PRODUCT_NAME = "$(TARGET_NAME)";
				SWIFT_VERSION = 5.0;
				TARGETED_DEVICE_FAMILY = "1,2";
			};
			name = Debug;
		};
		77820A8025A098C70094AB2F /* Release */ = {
			isa = XCBuildConfiguration;
			buildSettings = {
				ASSETCATALOG_COMPILER_APPICON_NAME = AppIcon;
				ASSETCATALOG_COMPILER_GLOBAL_ACCENT_COLOR_NAME = AccentColor;
				CODE_SIGN_STYLE = Automatic;
				DEVELOPMENT_TEAM = AFBHHNX58G;
				INFOPLIST_FILE = MishiPay/Info.plist;
				LD_RUNPATH_SEARCH_PATHS = (
					"$(inherited)",
					"@executable_path/Frameworks",
				);
				PRODUCT_BUNDLE_IDENTIFIER = com.mayur.MishiPay;
				PRODUCT_NAME = "$(TARGET_NAME)";
				SWIFT_VERSION = 5.0;
				TARGETED_DEVICE_FAMILY = "1,2";
			};
			name = Release;
		};
/* End XCBuildConfiguration section */

/* Begin XCConfigurationList section */
		77820A6525A098C30094AB2F /* Build configuration list for PBXProject "MishiPay" */ = {
			isa = XCConfigurationList;
			buildConfigurations = (
				77820A7C25A098C70094AB2F /* Debug */,
				77820A7D25A098C70094AB2F /* Release */,
			);
			defaultConfigurationIsVisible = 0;
			defaultConfigurationName = Release;
		};
		77820A7E25A098C70094AB2F /* Build configuration list for PBXNativeTarget "MishiPay" */ = {
			isa = XCConfigurationList;
			buildConfigurations = (
				77820A7F25A098C70094AB2F /* Debug */,
				77820A8025A098C70094AB2F /* Release */,
			);
			defaultConfigurationIsVisible = 0;
			defaultConfigurationName = Release;
		};
/* End XCConfigurationList section */
	};
	rootObject = 77820A6225A098C30094AB2F /* Project object */;
}
